// !$*UTF8*$!
{
	archiveVersion = 1;
	classes = {
	};
	objectVersion = 56;
	objects = {

/* Begin PBXBuildFile section */
		525E7DB62B5D0BCC00DB5530 /* ReminderDoneButton.swift in Sources */ = {isa = PBXBuildFile; fileRef = 525E7DB52B5D0BCC00DB5530 /* ReminderDoneButton.swift */; };
		525E7DB82B5D0D2800DB5530 /* ReminderListViewController+Actions.swift in Sources */ = {isa = PBXBuildFile; fileRef = 525E7DB72B5D0D2800DB5530 /* ReminderListViewController+Actions.swift */; };
		525E7DBA2B5D1FB200DB5530 /* ReminderViewController.swift in Sources */ = {isa = PBXBuildFile; fileRef = 525E7DB92B5D1FB200DB5530 /* ReminderViewController.swift */; };
		525E7DBD2B5D21E400DB5530 /* ReminderViewController+Row.swift in Sources */ = {isa = PBXBuildFile; fileRef = 525E7DBC2B5D21E400DB5530 /* ReminderViewController+Row.swift */; };
		5268FC672B5ABE4B00D1DCBD /* AppDelegate.swift in Sources */ = {isa = PBXBuildFile; fileRef = 5268FC662B5ABE4B00D1DCBD /* AppDelegate.swift */; };
		5268FC692B5ABE4B00D1DCBD /* SceneDelegate.swift in Sources */ = {isa = PBXBuildFile; fileRef = 5268FC682B5ABE4B00D1DCBD /* SceneDelegate.swift */; };
		5268FC6B2B5ABE4B00D1DCBD /* ReminderListViewController.swift in Sources */ = {isa = PBXBuildFile; fileRef = 5268FC6A2B5ABE4B00D1DCBD /* ReminderListViewController.swift */; };
		5268FC6E2B5ABE4B00D1DCBD /* Main.storyboard in Resources */ = {isa = PBXBuildFile; fileRef = 5268FC6C2B5ABE4B00D1DCBD /* Main.storyboard */; };
		5268FC702B5ABE4D00D1DCBD /* Assets.xcassets in Resources */ = {isa = PBXBuildFile; fileRef = 5268FC6F2B5ABE4D00D1DCBD /* Assets.xcassets */; };
		5268FC732B5ABE4D00D1DCBD /* LaunchScreen.storyboard in Resources */ = {isa = PBXBuildFile; fileRef = 5268FC712B5ABE4D00D1DCBD /* LaunchScreen.storyboard */; };
		5268FC7C2B5AC00B00D1DCBD /* Reminder.swift in Sources */ = {isa = PBXBuildFile; fileRef = 5268FC7B2B5AC00B00D1DCBD /* Reminder.swift */; };
		52C03C672B5E6EB500C42AEC /* ReminderViewController+CellConfiguration.swift in Sources */ = {isa = PBXBuildFile; fileRef = 52C03C662B5E6EB500C42AEC /* ReminderViewController+CellConfiguration.swift */; };
		52C03C6A2B5E728A00C42AEC /* UIView+PinnedSubview.swift in Sources */ = {isa = PBXBuildFile; fileRef = 52C03C692B5E728A00C42AEC /* UIView+PinnedSubview.swift */; };
		52C03C6C2B5E7BDB00C42AEC /* TextFieldContentView.swift in Sources */ = {isa = PBXBuildFile; fileRef = 52C03C6B2B5E7BDB00C42AEC /* TextFieldContentView.swift */; };
		52C03C6E2B5E7EA100C42AEC /* UIContentConfiguration+Stateless.swift in Sources */ = {isa = PBXBuildFile; fileRef = 52C03C6D2B5E7EA100C42AEC /* UIContentConfiguration+Stateless.swift */; };
		52C03C702B5E849200C42AEC /* TextViewContentView.swift in Sources */ = {isa = PBXBuildFile; fileRef = 52C03C6F2B5E849200C42AEC /* TextViewContentView.swift */; };
		52C03C722B5E87CB00C42AEC /* DatePickerContentView.swift in Sources */ = {isa = PBXBuildFile; fileRef = 52C03C712B5E87CB00C42AEC /* DatePickerContentView.swift */; };
		52C8A6DC2B5E5662000E087C /* ReminderViewController+Section.swift in Sources */ = {isa = PBXBuildFile; fileRef = 52C8A6DB2B5E5662000E087C /* ReminderViewController+Section.swift */; };
		52CB191D2B5BF875000CDC1A /* UIColor.swift in Sources */ = {isa = PBXBuildFile; fileRef = 52CB191C2B5BF875000CDC1A /* UIColor.swift */; };
		52CB191F2B5BF8F0000CDC1A /* Date.swift in Sources */ = {isa = PBXBuildFile; fileRef = 52CB191E2B5BF8F0000CDC1A /* Date.swift */; };
		52CB19222B5BFF22000CDC1A /* ReminderListViewController+DataSource.swift in Sources */ = {isa = PBXBuildFile; fileRef = 52CB19212B5BFF22000CDC1A /* ReminderListViewController+DataSource.swift */; };
/* End PBXBuildFile section */

/* Begin PBXFileReference section */
		525E7DB52B5D0BCC00DB5530 /* ReminderDoneButton.swift */ = {isa = PBXFileReference; lastKnownFileType = sourcecode.swift; path = ReminderDoneButton.swift; sourceTree = "<group>"; };
		525E7DB72B5D0D2800DB5530 /* ReminderListViewController+Actions.swift */ = {isa = PBXFileReference; lastKnownFileType = sourcecode.swift; path = "ReminderListViewController+Actions.swift"; sourceTree = "<group>"; };
		525E7DB92B5D1FB200DB5530 /* ReminderViewController.swift */ = {isa = PBXFileReference; lastKnownFileType = sourcecode.swift; path = ReminderViewController.swift; sourceTree = "<group>"; };
		525E7DBC2B5D21E400DB5530 /* ReminderViewController+Row.swift */ = {isa = PBXFileReference; lastKnownFileType = sourcecode.swift; path = "ReminderViewController+Row.swift"; sourceTree = "<group>"; };
		5268FC632B5ABE4B00D1DCBD /* TaskPlanner.app */ = {isa = PBXFileReference; explicitFileType = wrapper.application; includeInIndex = 0; path = TaskPlanner.app; sourceTree = BUILT_PRODUCTS_DIR; };
		5268FC662B5ABE4B00D1DCBD /* AppDelegate.swift */ = {isa = PBXFileReference; lastKnownFileType = sourcecode.swift; path = AppDelegate.swift; sourceTree = "<group>"; };
		5268FC682B5ABE4B00D1DCBD /* SceneDelegate.swift */ = {isa = PBXFileReference; lastKnownFileType = sourcecode.swift; path = SceneDelegate.swift; sourceTree = "<group>"; };
		5268FC6A2B5ABE4B00D1DCBD /* ReminderListViewController.swift */ = {isa = PBXFileReference; lastKnownFileType = sourcecode.swift; path = ReminderListViewController.swift; sourceTree = "<group>"; };
		5268FC6D2B5ABE4B00D1DCBD /* Base */ = {isa = PBXFileReference; lastKnownFileType = file.storyboard; name = Base; path = Base.lproj/Main.storyboard; sourceTree = "<group>"; };
		5268FC6F2B5ABE4D00D1DCBD /* Assets.xcassets */ = {isa = PBXFileReference; lastKnownFileType = folder.assetcatalog; path = Assets.xcassets; sourceTree = "<group>"; };
		5268FC722B5ABE4D00D1DCBD /* Base */ = {isa = PBXFileReference; lastKnownFileType = file.storyboard; name = Base; path = Base.lproj/LaunchScreen.storyboard; sourceTree = "<group>"; };
		5268FC742B5ABE4D00D1DCBD /* Info.plist */ = {isa = PBXFileReference; lastKnownFileType = text.plist.xml; path = Info.plist; sourceTree = "<group>"; };
		5268FC7B2B5AC00B00D1DCBD /* Reminder.swift */ = {isa = PBXFileReference; lastKnownFileType = sourcecode.swift; path = Reminder.swift; sourceTree = "<group>"; };
		52C03C662B5E6EB500C42AEC /* ReminderViewController+CellConfiguration.swift */ = {isa = PBXFileReference; lastKnownFileType = sourcecode.swift; path = "ReminderViewController+CellConfiguration.swift"; sourceTree = "<group>"; };
		52C03C692B5E728A00C42AEC /* UIView+PinnedSubview.swift */ = {isa = PBXFileReference; lastKnownFileType = sourcecode.swift; path = "UIView+PinnedSubview.swift"; sourceTree = "<group>"; };
		52C03C6B2B5E7BDB00C42AEC /* TextFieldContentView.swift */ = {isa = PBXFileReference; lastKnownFileType = sourcecode.swift; path = TextFieldContentView.swift; sourceTree = "<group>"; };
		52C03C6D2B5E7EA100C42AEC /* UIContentConfiguration+Stateless.swift */ = {isa = PBXFileReference; lastKnownFileType = sourcecode.swift; path = "UIContentConfiguration+Stateless.swift"; sourceTree = "<group>"; };
		52C03C6F2B5E849200C42AEC /* TextViewContentView.swift */ = {isa = PBXFileReference; lastKnownFileType = sourcecode.swift; path = TextViewContentView.swift; sourceTree = "<group>"; };
		52C03C712B5E87CB00C42AEC /* DatePickerContentView.swift */ = {isa = PBXFileReference; lastKnownFileType = sourcecode.swift; path = DatePickerContentView.swift; sourceTree = "<group>"; };
		52C8A6DB2B5E5662000E087C /* ReminderViewController+Section.swift */ = {isa = PBXFileReference; lastKnownFileType = sourcecode.swift; path = "ReminderViewController+Section.swift"; sourceTree = "<group>"; };
		52CB191C2B5BF875000CDC1A /* UIColor.swift */ = {isa = PBXFileReference; lastKnownFileType = sourcecode.swift; path = UIColor.swift; sourceTree = "<group>"; };
		52CB191E2B5BF8F0000CDC1A /* Date.swift */ = {isa = PBXFileReference; lastKnownFileType = sourcecode.swift; path = Date.swift; sourceTree = "<group>"; };
		52CB19212B5BFF22000CDC1A /* ReminderListViewController+DataSource.swift */ = {isa = PBXFileReference; lastKnownFileType = sourcecode.swift; path = "ReminderListViewController+DataSource.swift"; sourceTree = "<group>"; };
/* End PBXFileReference section */

/* Begin PBXFrameworksBuildPhase section */
		5268FC602B5ABE4B00D1DCBD /* Frameworks */ = {
			isa = PBXFrameworksBuildPhase;
			buildActionMask = 2147483647;
			files = (
			);
			runOnlyForDeploymentPostprocessing = 0;
		};
/* End PBXFrameworksBuildPhase section */

/* Begin PBXGroup section */
		525E7DBB2B5D216500DB5530 /* DetailViewController */ = {
			isa = PBXGroup;
			children = (
				525E7DB92B5D1FB200DB5530 /* ReminderViewController.swift */,
				525E7DBC2B5D21E400DB5530 /* ReminderViewController+Row.swift */,
				52C8A6DB2B5E5662000E087C /* ReminderViewController+Section.swift */,
				52C03C662B5E6EB500C42AEC /* ReminderViewController+CellConfiguration.swift */,
			);
			path = DetailViewController;
			sourceTree = "<group>";
		};
		5268FC5A2B5ABE4A00D1DCBD = {
			isa = PBXGroup;
			children = (
				5268FC652B5ABE4B00D1DCBD /* TaskPlanner */,
				5268FC642B5ABE4B00D1DCBD /* Products */,
			);
			sourceTree = "<group>";
		};
		5268FC642B5ABE4B00D1DCBD /* Products */ = {
			isa = PBXGroup;
			children = (
				5268FC632B5ABE4B00D1DCBD /* TaskPlanner.app */,
			);
			name = Products;
			sourceTree = "<group>";
		};
		5268FC652B5ABE4B00D1DCBD /* TaskPlanner */ = {
			isa = PBXGroup;
			children = (
				5268FC7A2B5ABFF700D1DCBD /* Model */,
				5268FC662B5ABE4B00D1DCBD /* AppDelegate.swift */,
				5268FC682B5ABE4B00D1DCBD /* SceneDelegate.swift */,
				52C03C682B5E725E00C42AEC /* ContentViews */,
				525E7DBB2B5D216500DB5530 /* DetailViewController */,
				52CB19202B5BFED3000CDC1A /* ListViewController */,
				5268FC6C2B5ABE4B00D1DCBD /* Main.storyboard */,
				5268FC6F2B5ABE4D00D1DCBD /* Assets.xcassets */,
				5268FC712B5ABE4D00D1DCBD /* LaunchScreen.storyboard */,
				5268FC742B5ABE4D00D1DCBD /* Info.plist */,
			);
			path = TaskPlanner;
			sourceTree = "<group>";
		};
		5268FC7A2B5ABFF700D1DCBD /* Model */ = {
			isa = PBXGroup;
			children = (
				5268FC7B2B5AC00B00D1DCBD /* Reminder.swift */,
				52CB191C2B5BF875000CDC1A /* UIColor.swift */,
				52CB191E2B5BF8F0000CDC1A /* Date.swift */,
			);
			path = Model;
			sourceTree = "<group>";
		};
		52C03C682B5E725E00C42AEC /* ContentViews */ = {
			isa = PBXGroup;
			children = (
				52C03C692B5E728A00C42AEC /* UIView+PinnedSubview.swift */,
				52C03C6B2B5E7BDB00C42AEC /* TextFieldContentView.swift */,
				52C03C6D2B5E7EA100C42AEC /* UIContentConfiguration+Stateless.swift */,
				52C03C6F2B5E849200C42AEC /* TextViewContentView.swift */,
				52C03C712B5E87CB00C42AEC /* DatePickerContentView.swift */,
			);
			path = ContentViews;
			sourceTree = "<group>";
		};
		52CB19202B5BFED3000CDC1A /* ListViewController */ = {
			isa = PBXGroup;
			children = (
				5268FC6A2B5ABE4B00D1DCBD /* ReminderListViewController.swift */,
				52CB19212B5BFF22000CDC1A /* ReminderListViewController+DataSource.swift */,
				525E7DB52B5D0BCC00DB5530 /* ReminderDoneButton.swift */,
				525E7DB72B5D0D2800DB5530 /* ReminderListViewController+Actions.swift */,
			);
			path = ListViewController;
			sourceTree = "<group>";
		};
/* End PBXGroup section */

/* Begin PBXNativeTarget section */
		5268FC622B5ABE4B00D1DCBD /* TaskPlanner */ = {
			isa = PBXNativeTarget;
			buildConfigurationList = 5268FC772B5ABE4D00D1DCBD /* Build configuration list for PBXNativeTarget "TaskPlanner" */;
			buildPhases = (
				5268FC5F2B5ABE4B00D1DCBD /* Sources */,
				5268FC602B5ABE4B00D1DCBD /* Frameworks */,
				5268FC612B5ABE4B00D1DCBD /* Resources */,
			);
			buildRules = (
			);
			dependencies = (
			);
			name = TaskPlanner;
			productName = TaskPlanner;
			productReference = 5268FC632B5ABE4B00D1DCBD /* TaskPlanner.app */;
			productType = "com.apple.product-type.application";
		};
/* End PBXNativeTarget section */

/* Begin PBXProject section */
		5268FC5B2B5ABE4A00D1DCBD /* Project object */ = {
			isa = PBXProject;
			attributes = {
				BuildIndependentTargetsInParallel = 1;
				LastSwiftUpdateCheck = 1520;
				LastUpgradeCheck = 1520;
				TargetAttributes = {
					5268FC622B5ABE4B00D1DCBD = {
						CreatedOnToolsVersion = 15.2;
					};
				};
			};
			buildConfigurationList = 5268FC5E2B5ABE4A00D1DCBD /* Build configuration list for PBXProject "TaskPlanner" */;
			compatibilityVersion = "Xcode 14.0";
			developmentRegion = en;
			hasScannedForEncodings = 0;
			knownRegions = (
				en,
				Base,
			);
			mainGroup = 5268FC5A2B5ABE4A00D1DCBD;
			productRefGroup = 5268FC642B5ABE4B00D1DCBD /* Products */;
			projectDirPath = "";
			projectRoot = "";
			targets = (
				5268FC622B5ABE4B00D1DCBD /* TaskPlanner */,
			);
		};
/* End PBXProject section */

/* Begin PBXResourcesBuildPhase section */
		5268FC612B5ABE4B00D1DCBD /* Resources */ = {
			isa = PBXResourcesBuildPhase;
			buildActionMask = 2147483647;
			files = (
				5268FC732B5ABE4D00D1DCBD /* LaunchScreen.storyboard in Resources */,
				5268FC702B5ABE4D00D1DCBD /* Assets.xcassets in Resources */,
				5268FC6E2B5ABE4B00D1DCBD /* Main.storyboard in Resources */,
			);
			runOnlyForDeploymentPostprocessing = 0;
		};
/* End PBXResourcesBuildPhase section */

/* Begin PBXSourcesBuildPhase section */
		5268FC5F2B5ABE4B00D1DCBD /* Sources */ = {
			isa = PBXSourcesBuildPhase;
			buildActionMask = 2147483647;
			files = (
				52C03C6A2B5E728A00C42AEC /* UIView+PinnedSubview.swift in Sources */,
				52C8A6DC2B5E5662000E087C /* ReminderViewController+Section.swift in Sources */,
				52C03C722B5E87CB00C42AEC /* DatePickerContentView.swift in Sources */,
				5268FC6B2B5ABE4B00D1DCBD /* ReminderListViewController.swift in Sources */,
				525E7DB82B5D0D2800DB5530 /* ReminderListViewController+Actions.swift in Sources */,
				525E7DBA2B5D1FB200DB5530 /* ReminderViewController.swift in Sources */,
				52C03C6E2B5E7EA100C42AEC /* UIContentConfiguration+Stateless.swift in Sources */,
				52CB191F2B5BF8F0000CDC1A /* Date.swift in Sources */,
				5268FC672B5ABE4B00D1DCBD /* AppDelegate.swift in Sources */,
				52C03C6C2B5E7BDB00C42AEC /* TextFieldContentView.swift in Sources */,
				52C03C702B5E849200C42AEC /* TextViewContentView.swift in Sources */,
				525E7DBD2B5D21E400DB5530 /* ReminderViewController+Row.swift in Sources */,
				525E7DB62B5D0BCC00DB5530 /* ReminderDoneButton.swift in Sources */,
				5268FC692B5ABE4B00D1DCBD /* SceneDelegate.swift in Sources */,
				52C03C672B5E6EB500C42AEC /* ReminderViewController+CellConfiguration.swift in Sources */,
				52CB19222B5BFF22000CDC1A /* ReminderListViewController+DataSource.swift in Sources */,
				5268FC7C2B5AC00B00D1DCBD /* Reminder.swift in Sources */,
				52CB191D2B5BF875000CDC1A /* UIColor.swift in Sources */,
			);
			runOnlyForDeploymentPostprocessing = 0;
		};
/* End PBXSourcesBuildPhase section */

/* Begin PBXVariantGroup section */
		5268FC6C2B5ABE4B00D1DCBD /* Main.storyboard */ = {
			isa = PBXVariantGroup;
			children = (
				5268FC6D2B5ABE4B00D1DCBD /* Base */,
			);
			name = Main.storyboard;
			sourceTree = "<group>";
		};
		5268FC712B5ABE4D00D1DCBD /* LaunchScreen.storyboard */ = {
			isa = PBXVariantGroup;
			children = (
				5268FC722B5ABE4D00D1DCBD /* Base */,
			);
			name = LaunchScreen.storyboard;
			sourceTree = "<group>";
		};
/* End PBXVariantGroup section */

/* Begin XCBuildConfiguration section */
		5268FC752B5ABE4D00D1DCBD /* Debug */ = {
			isa = XCBuildConfiguration;
			buildSettings = {
				ALWAYS_SEARCH_USER_PATHS = NO;
				ASSETCATALOG_COMPILER_GENERATE_SWIFT_ASSET_SYMBOL_EXTENSIONS = YES;
				CLANG_ANALYZER_NONNULL = YES;
				CLANG_ANALYZER_NUMBER_OBJECT_CONVERSION = YES_AGGRESSIVE;
				CLANG_CXX_LANGUAGE_STANDARD = "gnu++20";
				CLANG_ENABLE_MODULES = YES;
				CLANG_ENABLE_OBJC_ARC = YES;
				CLANG_ENABLE_OBJC_WEAK = YES;
				CLANG_WARN_BLOCK_CAPTURE_AUTORELEASING = YES;
				CLANG_WARN_BOOL_CONVERSION = YES;
				CLANG_WARN_COMMA = YES;
				CLANG_WARN_CONSTANT_CONVERSION = YES;
				CLANG_WARN_DEPRECATED_OBJC_IMPLEMENTATIONS = YES;
				CLANG_WARN_DIRECT_OBJC_ISA_USAGE = YES_ERROR;
				CLANG_WARN_DOCUMENTATION_COMMENTS = YES;
				CLANG_WARN_EMPTY_BODY = YES;
				CLANG_WARN_ENUM_CONVERSION = YES;
				CLANG_WARN_INFINITE_RECURSION = YES;
				CLANG_WARN_INT_CONVERSION = YES;
				CLANG_WARN_NON_LITERAL_NULL_CONVERSION = YES;
				CLANG_WARN_OBJC_IMPLICIT_RETAIN_SELF = YES;
				CLANG_WARN_OBJC_LITERAL_CONVERSION = YES;
				CLANG_WARN_OBJC_ROOT_CLASS = YES_ERROR;
				CLANG_WARN_QUOTED_INCLUDE_IN_FRAMEWORK_HEADER = YES;
				CLANG_WARN_RANGE_LOOP_ANALYSIS = YES;
				CLANG_WARN_STRICT_PROTOTYPES = YES;
				CLANG_WARN_SUSPICIOUS_MOVE = YES;
				CLANG_WARN_UNGUARDED_AVAILABILITY = YES_AGGRESSIVE;
				CLANG_WARN_UNREACHABLE_CODE = YES;
				CLANG_WARN__DUPLICATE_METHOD_MATCH = YES;
				COPY_PHASE_STRIP = NO;
				DEBUG_INFORMATION_FORMAT = dwarf;
				ENABLE_STRICT_OBJC_MSGSEND = YES;
				ENABLE_TESTABILITY = YES;
				ENABLE_USER_SCRIPT_SANDBOXING = YES;
				GCC_C_LANGUAGE_STANDARD = gnu17;
				GCC_DYNAMIC_NO_PIC = NO;
				GCC_NO_COMMON_BLOCKS = YES;
				GCC_OPTIMIZATION_LEVEL = 0;
				GCC_PREPROCESSOR_DEFINITIONS = (
					"DEBUG=1",
					"$(inherited)",
				);
				GCC_WARN_64_TO_32_BIT_CONVERSION = YES;
				GCC_WARN_ABOUT_RETURN_TYPE = YES_ERROR;
				GCC_WARN_UNDECLARED_SELECTOR = YES;
				GCC_WARN_UNINITIALIZED_AUTOS = YES_AGGRESSIVE;
				GCC_WARN_UNUSED_FUNCTION = YES;
				GCC_WARN_UNUSED_VARIABLE = YES;
				IPHONEOS_DEPLOYMENT_TARGET = 17.2;
				LOCALIZATION_PREFERS_STRING_CATALOGS = YES;
				MTL_ENABLE_DEBUG_INFO = INCLUDE_SOURCE;
				MTL_FAST_MATH = YES;
				ONLY_ACTIVE_ARCH = YES;
				SDKROOT = iphoneos;
				SWIFT_ACTIVE_COMPILATION_CONDITIONS = "DEBUG $(inherited)";
				SWIFT_OPTIMIZATION_LEVEL = "-Onone";
			};
			name = Debug;
		};
		5268FC762B5ABE4D00D1DCBD /* Release */ = {
			isa = XCBuildConfiguration;
			buildSettings = {
				ALWAYS_SEARCH_USER_PATHS = NO;
				ASSETCATALOG_COMPILER_GENERATE_SWIFT_ASSET_SYMBOL_EXTENSIONS = YES;
				CLANG_ANALYZER_NONNULL = YES;
				CLANG_ANALYZER_NUMBER_OBJECT_CONVERSION = YES_AGGRESSIVE;
				CLANG_CXX_LANGUAGE_STANDARD = "gnu++20";
				CLANG_ENABLE_MODULES = YES;
				CLANG_ENABLE_OBJC_ARC = YES;
				CLANG_ENABLE_OBJC_WEAK = YES;
				CLANG_WARN_BLOCK_CAPTURE_AUTORELEASING = YES;
				CLANG_WARN_BOOL_CONVERSION = YES;
				CLANG_WARN_COMMA = YES;
				CLANG_WARN_CONSTANT_CONVERSION = YES;
				CLANG_WARN_DEPRECATED_OBJC_IMPLEMENTATIONS = YES;
				CLANG_WARN_DIRECT_OBJC_ISA_USAGE = YES_ERROR;
				CLANG_WARN_DOCUMENTATION_COMMENTS = YES;
				CLANG_WARN_EMPTY_BODY = YES;
				CLANG_WARN_ENUM_CONVERSION = YES;
				CLANG_WARN_INFINITE_RECURSION = YES;
				CLANG_WARN_INT_CONVERSION = YES;
				CLANG_WARN_NON_LITERAL_NULL_CONVERSION = YES;
				CLANG_WARN_OBJC_IMPLICIT_RETAIN_SELF = YES;
				CLANG_WARN_OBJC_LITERAL_CONVERSION = YES;
				CLANG_WARN_OBJC_ROOT_CLASS = YES_ERROR;
				CLANG_WARN_QUOTED_INCLUDE_IN_FRAMEWORK_HEADER = YES;
				CLANG_WARN_RANGE_LOOP_ANALYSIS = YES;
				CLANG_WARN_STRICT_PROTOTYPES = YES;
				CLANG_WARN_SUSPICIOUS_MOVE = YES;
				CLANG_WARN_UNGUARDED_AVAILABILITY = YES_AGGRESSIVE;
				CLANG_WARN_UNREACHABLE_CODE = YES;
				CLANG_WARN__DUPLICATE_METHOD_MATCH = YES;
				COPY_PHASE_STRIP = NO;
				DEBUG_INFORMATION_FORMAT = "dwarf-with-dsym";
				ENABLE_NS_ASSERTIONS = NO;
				ENABLE_STRICT_OBJC_MSGSEND = YES;
				ENABLE_USER_SCRIPT_SANDBOXING = YES;
				GCC_C_LANGUAGE_STANDARD = gnu17;
				GCC_NO_COMMON_BLOCKS = YES;
				GCC_WARN_64_TO_32_BIT_CONVERSION = YES;
				GCC_WARN_ABOUT_RETURN_TYPE = YES_ERROR;
				GCC_WARN_UNDECLARED_SELECTOR = YES;
				GCC_WARN_UNINITIALIZED_AUTOS = YES_AGGRESSIVE;
				GCC_WARN_UNUSED_FUNCTION = YES;
				GCC_WARN_UNUSED_VARIABLE = YES;
				IPHONEOS_DEPLOYMENT_TARGET = 17.2;
				LOCALIZATION_PREFERS_STRING_CATALOGS = YES;
				MTL_ENABLE_DEBUG_INFO = NO;
				MTL_FAST_MATH = YES;
				SDKROOT = iphoneos;
				SWIFT_COMPILATION_MODE = wholemodule;
				VALIDATE_PRODUCT = YES;
			};
			name = Release;
		};
		5268FC782B5ABE4D00D1DCBD /* Debug */ = {
			isa = XCBuildConfiguration;
			buildSettings = {
				ASSETCATALOG_COMPILER_APPICON_NAME = AppIcon;
				ASSETCATALOG_COMPILER_GLOBAL_ACCENT_COLOR_NAME = AccentColor;
				CODE_SIGN_STYLE = Automatic;
				CURRENT_PROJECT_VERSION = 1;
				DEVELOPMENT_TEAM = CQAJT5B3K8;
				GENERATE_INFOPLIST_FILE = YES;
				INFOPLIST_FILE = TaskPlanner/Info.plist;
				INFOPLIST_KEY_UIApplicationSupportsIndirectInputEvents = YES;
				INFOPLIST_KEY_UILaunchStoryboardName = LaunchScreen;
				INFOPLIST_KEY_UIMainStoryboardFile = Main;
				INFOPLIST_KEY_UISupportedInterfaceOrientations_iPad = "UIInterfaceOrientationPortrait UIInterfaceOrientationPortraitUpsideDown UIInterfaceOrientationLandscapeLeft UIInterfaceOrientationLandscapeRight";
				INFOPLIST_KEY_UISupportedInterfaceOrientations_iPhone = "UIInterfaceOrientationPortrait UIInterfaceOrientationLandscapeLeft UIInterfaceOrientationLandscapeRight";
				LD_RUNPATH_SEARCH_PATHS = (
					"$(inherited)",
					"@executable_path/Frameworks",
				);
				MARKETING_VERSION = 1.0;
				PRODUCT_BUNDLE_IDENTIFIER = com.akir.TaskPlanner;
				PRODUCT_NAME = "$(TARGET_NAME)";
				SWIFT_EMIT_LOC_STRINGS = YES;
				SWIFT_VERSION = 5.0;
				TARGETED_DEVICE_FAMILY = "1,2";
			};
			name = Debug;
		};
		5268FC792B5ABE4D00D1DCBD /* Release */ = {
			isa = XCBuildConfiguration;
			buildSettings = {
				ASSETCATALOG_COMPILER_APPICON_NAME = AppIcon;
				ASSETCATALOG_COMPILER_GLOBAL_ACCENT_COLOR_NAME = AccentColor;
				CODE_SIGN_STYLE = Automatic;
				CURRENT_PROJECT_VERSION = 1;
				DEVELOPMENT_TEAM = CQAJT5B3K8;
				GENERATE_INFOPLIST_FILE = YES;
				INFOPLIST_FILE = TaskPlanner/Info.plist;
				INFOPLIST_KEY_UIApplicationSupportsIndirectInputEvents = YES;
				INFOPLIST_KEY_UILaunchStoryboardName = LaunchScreen;
				INFOPLIST_KEY_UIMainStoryboardFile = Main;
				INFOPLIST_KEY_UISupportedInterfaceOrientations_iPad = "UIInterfaceOrientationPortrait UIInterfaceOrientationPortraitUpsideDown UIInterfaceOrientationLandscapeLeft UIInterfaceOrientationLandscapeRight";
				INFOPLIST_KEY_UISupportedInterfaceOrientations_iPhone = "UIInterfaceOrientationPortrait UIInterfaceOrientationLandscapeLeft UIInterfaceOrientationLandscapeRight";
				LD_RUNPATH_SEARCH_PATHS = (
					"$(inherited)",
					"@executable_path/Frameworks",
				);
				MARKETING_VERSION = 1.0;
				PRODUCT_BUNDLE_IDENTIFIER = com.akir.TaskPlanner;
				PRODUCT_NAME = "$(TARGET_NAME)";
				SWIFT_EMIT_LOC_STRINGS = YES;
				SWIFT_VERSION = 5.0;
				TARGETED_DEVICE_FAMILY = "1,2";
			};
			name = Release;
		};
/* End XCBuildConfiguration section */

/* Begin XCConfigurationList section */
		5268FC5E2B5ABE4A00D1DCBD /* Build configuration list for PBXProject "TaskPlanner" */ = {
			isa = XCConfigurationList;
			buildConfigurations = (
				5268FC752B5ABE4D00D1DCBD /* Debug */,
				5268FC762B5ABE4D00D1DCBD /* Release */,
			);
			defaultConfigurationIsVisible = 0;
			defaultConfigurationName = Release;
		};
		5268FC772B5ABE4D00D1DCBD /* Build configuration list for PBXNativeTarget "TaskPlanner" */ = {
			isa = XCConfigurationList;
			buildConfigurations = (
				5268FC782B5ABE4D00D1DCBD /* Debug */,
				5268FC792B5ABE4D00D1DCBD /* Release */,
			);
			defaultConfigurationIsVisible = 0;
			defaultConfigurationName = Release;
		};
/* End XCConfigurationList section */
	};
	rootObject = 5268FC5B2B5ABE4A00D1DCBD /* Project object */;
}
